// !$*UTF8*$!
{
	archiveVersion = 1;
	classes = {
	};
	objectVersion = 46;
	objects = {

/* Begin PBXBuildFile section */
		EB439CC71EB2113F00079A82 /* AppDelegate.swift in Sources */ = {isa = PBXBuildFile; fileRef = EB439CC61EB2113F00079A82 /* AppDelegate.swift */; };
		EB439CCC1EB2113F00079A82 /* Main.storyboard in Resources */ = {isa = PBXBuildFile; fileRef = EB439CCA1EB2113F00079A82 /* Main.storyboard */; };
		EB439CCE1EB2113F00079A82 /* Assets.xcassets in Resources */ = {isa = PBXBuildFile; fileRef = EB439CCD1EB2113F00079A82 /* Assets.xcassets */; };
		EB439CD11EB2113F00079A82 /* LaunchScreen.storyboard in Resources */ = {isa = PBXBuildFile; fileRef = EB439CCF1EB2113F00079A82 /* LaunchScreen.storyboard */; };
		EB439CD91EB2120400079A82 /* ArticleListTableViewController.swift in Sources */ = {isa = PBXBuildFile; fileRef = EB439CD81EB2120400079A82 /* ArticleListTableViewController.swift */; };
		EB8934F01EB76BC500FB6679 /* Article.swift in Sources */ = {isa = PBXBuildFile; fileRef = EB8934EF1EB76BC500FB6679 /* Article.swift */; };
		EBAAF78F1EB5FAF300FFDCAE /* ArticleDetailViewController.swift in Sources */ = {isa = PBXBuildFile; fileRef = EBAAF78E1EB5FAF300FFDCAE /* ArticleDetailViewController.swift */; };
/* End PBXBuildFile section */

/* Begin PBXFileReference section */
		EB439CC31EB2113F00079A82 /* MyNews.app */ = {isa = PBXFileReference; explicitFileType = wrapper.application; includeInIndex = 0; path = MyNews.app; sourceTree = BUILT_PRODUCTS_DIR; };
		EB439CC61EB2113F00079A82 /* AppDelegate.swift */ = {isa = PBXFileReference; lastKnownFileType = sourcecode.swift; path = AppDelegate.swift; sourceTree = "<group>"; };
		EB439CCB1EB2113F00079A82 /* Base */ = {isa = PBXFileReference; lastKnownFileType = file.storyboard; name = Base; path = Base.lproj/Main.storyboard; sourceTree = "<group>"; };
		EB439CCD1EB2113F00079A82 /* Assets.xcassets */ = {isa = PBXFileReference; lastKnownFileType = folder.assetcatalog; path = Assets.xcassets; sourceTree = "<group>"; };
		EB439CD01EB2113F00079A82 /* Base */ = {isa = PBXFileReference; lastKnownFileType = file.storyboard; name = Base; path = Base.lproj/LaunchScreen.storyboard; sourceTree = "<group>"; };
		EB439CD21EB2113F00079A82 /* Info.plist */ = {isa = PBXFileReference; lastKnownFileType = text.plist.xml; path = Info.plist; sourceTree = "<group>"; };
		EB439CD81EB2120400079A82 /* ArticleListTableViewController.swift */ = {isa = PBXFileReference; fileEncoding = 4; lastKnownFileType = sourcecode.swift; path = ArticleListTableViewController.swift; sourceTree = "<group>"; };
		EB8934EF1EB76BC500FB6679 /* Article.swift */ = {isa = PBXFileReference; fileEncoding = 4; lastKnownFileType = sourcecode.swift; path = Article.swift; sourceTree = "<group>"; };
		EBAAF78E1EB5FAF300FFDCAE /* ArticleDetailViewController.swift */ = {isa = PBXFileReference; fileEncoding = 4; lastKnownFileType = sourcecode.swift; path = ArticleDetailViewController.swift; sourceTree = "<group>"; };
/* End PBXFileReference section */

/* Begin PBXFrameworksBuildPhase section */
		EB439CC01EB2113F00079A82 /* Frameworks */ = {
			isa = PBXFrameworksBuildPhase;
			buildActionMask = 2147483647;
			files = (
			);
			runOnlyForDeploymentPostprocessing = 0;
		};
/* End PBXFrameworksBuildPhase section */

/* Begin PBXGroup section */
		EB439CBA1EB2113F00079A82 = {
			isa = PBXGroup;
			children = (
				EB439CC51EB2113F00079A82 /* MyNews */,
				EB439CC41EB2113F00079A82 /* Products */,
			);
			sourceTree = "<group>";
		};
		EB439CC41EB2113F00079A82 /* Products */ = {
			isa = PBXGroup;
			children = (
				EB439CC31EB2113F00079A82 /* MyNews.app */,
			);
			name = Products;
			sourceTree = "<group>";
		};
		EB439CC51EB2113F00079A82 /* MyNews */ = {
			isa = PBXGroup;
			children = (
				EB439CC61EB2113F00079A82 /* AppDelegate.swift */,
				EB439CD81EB2120400079A82 /* ArticleListTableViewController.swift */,
				EBAAF78E1EB5FAF300FFDCAE /* ArticleDetailViewController.swift */,
				EB8934EF1EB76BC500FB6679 /* Article.swift */,
				EB439CCA1EB2113F00079A82 /* Main.storyboard */,
				EB439CCD1EB2113F00079A82 /* Assets.xcassets */,
				EB439CCF1EB2113F00079A82 /* LaunchScreen.storyboard */,
				EB439CD21EB2113F00079A82 /* Info.plist */,
			);
			path = MyNews;
			sourceTree = "<group>";
		};
/* End PBXGroup section */

/* Begin PBXNativeTarget section */
		EB439CC21EB2113F00079A82 /* MyNews */ = {
			isa = PBXNativeTarget;
			buildConfigurationList = EB439CD51EB2113F00079A82 /* Build configuration list for PBXNativeTarget "MyNews" */;
			buildPhases = (
				EB439CBF1EB2113F00079A82 /* Sources */,
				EB439CC01EB2113F00079A82 /* Frameworks */,
				EB439CC11EB2113F00079A82 /* Resources */,
			);
			buildRules = (
			);
			dependencies = (
			);
			name = MyNews;
			productName = MyNews;
			productReference = EB439CC31EB2113F00079A82 /* MyNews.app */;
			productType = "com.apple.product-type.application";
		};
/* End PBXNativeTarget section */

/* Begin PBXProject section */
		EB439CBB1EB2113F00079A82 /* Project object */ = {
			isa = PBXProject;
			attributes = {
				LastSwiftUpdateCheck = 0830;
				LastUpgradeCheck = 0830;
				ORGANIZATIONNAME = "Michael Cheng";
				TargetAttributes = {
					EB439CC21EB2113F00079A82 = {
						CreatedOnToolsVersion = 8.3.2;
						DevelopmentTeam = D7K3E54878;
						ProvisioningStyle = Automatic;
					};
				};
			};
			buildConfigurationList = EB439CBE1EB2113F00079A82 /* Build configuration list for PBXProject "MyNews" */;
			compatibilityVersion = "Xcode 3.2";
			developmentRegion = English;
			hasScannedForEncodings = 0;
			knownRegions = (
				en,
				Base,
			);
			mainGroup = EB439CBA1EB2113F00079A82;
			productRefGroup = EB439CC41EB2113F00079A82 /* Products */;
			projectDirPath = "";
			projectRoot = "";
			targets = (
				EB439CC21EB2113F00079A82 /* MyNews */,
			);
		};
/* End PBXProject section */

/* Begin PBXResourcesBuildPhase section */
		EB439CC11EB2113F00079A82 /* Resources */ = {
			isa = PBXResourcesBuildPhase;
			buildActionMask = 2147483647;
			files = (
				EB439CD11EB2113F00079A82 /* LaunchScreen.storyboard in Resources */,
				EB439CCE1EB2113F00079A82 /* Assets.xcassets in Resources */,
				EB439CCC1EB2113F00079A82 /* Main.storyboard in Resources */,
			);
			runOnlyForDeploymentPostprocessing = 0;
		};
/* End PBXResourcesBuildPhase section */

/* Begin PBXSourcesBuildPhase section */
		EB439CBF1EB2113F00079A82 /* Sources */ = {
			isa = PBXSourcesBuildPhase;
			buildActionMask = 2147483647;
			files = (
				EB8934F01EB76BC500FB6679 /* Article.swift in Sources */,
				EB439CD91EB2120400079A82 /* ArticleListTableViewController.swift in Sources */,
				EB439CC71EB2113F00079A82 /* AppDelegate.swift in Sources */,
				EBAAF78F1EB5FAF300FFDCAE /* ArticleDetailViewController.swift in Sources */,
			);
			runOnlyForDeploymentPostprocessing = 0;
		};
/* End PBXSourcesBuildPhase section */

/* Begin PBXVariantGroup section */
		EB439CCA1EB2113F00079A82 /* Main.storyboard */ = {
			isa = PBXVariantGroup;
			children = (
				EB439CCB1EB2113F00079A82 /* Base */,
			);
			name = Main.storyboard;
			sourceTree = "<group>";
		};
		EB439CCF1EB2113F00079A82 /* LaunchScreen.storyboard */ = {
			isa = PBXVariantGroup;
			children = (
				EB439CD01EB2113F00079A82 /* Base */,
			);
			name = LaunchScreen.storyboard;
			sourceTree = "<group>";
		};
/* End PBXVariantGroup section */

/* Begin XCBuildConfiguration section */
		EB439CD31EB2113F00079A82 /* Debug */ = {
			isa = XCBuildConfiguration;
			buildSettings = {
				ALWAYS_SEARCH_USER_PATHS = NO;
				CLANG_ANALYZER_NONNULL = YES;
				CLANG_ANALYZER_NUMBER_OBJECT_CONVERSION = YES_AGGRESSIVE;
				CLANG_CXX_LANGUAGE_STANDARD = "gnu++0x";
				CLANG_CXX_LIBRARY = "libc++";
				CLANG_ENABLE_MODULES = YES;
				CLANG_ENABLE_OBJC_ARC = YES;
				CLANG_WARN_BOOL_CONVERSION = YES;
				CLANG_WARN_CONSTANT_CONVERSION = YES;
				CLANG_WARN_DIRECT_OBJC_ISA_USAGE = YES_ERROR;
				CLANG_WARN_DOCUMENTATION_COMMENTS = YES;
				CLANG_WARN_EMPTY_BODY = YES;
				CLANG_WARN_ENUM_CONVERSION = YES;
				CLANG_WARN_INFINITE_RECURSION = YES;
				CLANG_WARN_INT_CONVERSION = YES;
				CLANG_WARN_OBJC_ROOT_CLASS = YES_ERROR;
				CLANG_WARN_SUSPICIOUS_MOVE = YES;
				CLANG_WARN_UNREACHABLE_CODE = YES;
				CLANG_WARN__DUPLICATE_METHOD_MATCH = YES;
				"CODE_SIGN_IDENTITY[sdk=iphoneos*]" = "iPhone Developer";
				COPY_PHASE_STRIP = NO;
				DEBUG_INFORMATION_FORMAT = dwarf;
				ENABLE_STRICT_OBJC_MSGSEND = YES;
				ENABLE_TESTABILITY = YES;
				GCC_C_LANGUAGE_STANDARD = gnu99;
				GCC_DYNAMIC_NO_PIC = NO;
				GCC_NO_COMMON_BLOCKS = YES;
				GCC_OPTIMIZATION_LEVEL = 0;
				GCC_PREPROCESSOR_DEFINITIONS = (
					"DEBUG=1",
					"$(inherited)",
				);
				GCC_WARN_64_TO_32_BIT_CONVERSION = YES;
				GCC_WARN_ABOUT_RETURN_TYPE = YES_ERROR;
				GCC_WARN_UNDECLARED_SELECTOR = YES;
				GCC_WARN_UNINITIALIZED_AUTOS = YES_AGGRESSIVE;
				GCC_WARN_UNUSED_FUNCTION = YES;
				GCC_WARN_UNUSED_VARIABLE = YES;
				IPHONEOS_DEPLOYMENT_TARGET = 10.3;
				MTL_ENABLE_DEBUG_INFO = YES;
				ONLY_ACTIVE_ARCH = YES;
				SDKROOT = iphoneos;
				SWIFT_ACTIVE_COMPILATION_CONDITIONS = DEBUG;
				SWIFT_OPTIMIZATION_LEVEL = "-Onone";
				TARGETED_DEVICE_FAMILY = "1,2";
			};
			name = Debug;
		};
		EB439CD41EB2113F00079A82 /* Release */ = {
			isa = XCBuildConfiguration;
			buildSettings = {
				ALWAYS_SEARCH_USER_PATHS = NO;
				CLANG_ANALYZER_NONNULL = YES;
				CLANG_ANALYZER_NUMBER_OBJECT_CONVERSION = YES_AGGRESSIVE;
				CLANG_CXX_LANGUAGE_STANDARD = "gnu++0x";
				CLANG_CXX_LIBRARY = "libc++";
				CLANG_ENABLE_MODULES = YES;
				CLANG_ENABLE_OBJC_ARC = YES;
				CLANG_WARN_BOOL_CONVERSION = YES;
				CLANG_WARN_CONSTANT_CONVERSION = YES;
				CLANG_WARN_DIRECT_OBJC_ISA_USAGE = YES_ERROR;
				CLANG_WARN_DOCUMENTATION_COMMENTS = YES;
				CLANG_WARN_EMPTY_BODY = YES;
				CLANG_WARN_ENUM_CONVERSION = YES;
				CLANG_WARN_INFINITE_RECURSION = YES;
				CLANG_WARN_INT_CONVERSION = YES;
				CLANG_WARN_OBJC_ROOT_CLASS = YES_ERROR;
				CLANG_WARN_SUSPICIOUS_MOVE = YES;
				CLANG_WARN_UNREACHABLE_CODE = YES;
				CLANG_WARN__DUPLICATE_METHOD_MATCH = YES;
				"CODE_SIGN_IDENTITY[sdk=iphoneos*]" = "iPhone Developer";
				COPY_PHASE_STRIP = NO;
				DEBUG_INFORMATION_FORMAT = "dwarf-with-dsym";
				ENABLE_NS_ASSERTIONS = NO;
				ENABLE_STRICT_OBJC_MSGSEND = YES;
				GCC_C_LANGUAGE_STANDARD = gnu99;
				GCC_NO_COMMON_BLOCKS = YES;
				GCC_WARN_64_TO_32_BIT_CONVERSION = YES;
				GCC_WARN_ABOUT_RETURN_TYPE = YES_ERROR;
				GCC_WARN_UNDECLARED_SELECTOR = YES;
				GCC_WARN_UNINITIALIZED_AUTOS = YES_AGGRESSIVE;
				GCC_WARN_UNUSED_FUNCTION = YES;
				GCC_WARN_UNUSED_VARIABLE = YES;
				IPHONEOS_DEPLOYMENT_TARGET = 10.3;
				MTL_ENABLE_DEBUG_INFO = NO;
				SDKROOT = iphoneos;
				SWIFT_OPTIMIZATION_LEVEL = "-Owholemodule";
				TARGETED_DEVICE_FAMILY = "1,2";
				VALIDATE_PRODUCT = YES;
			};
			name = Release;
		};
		EB439CD61EB2113F00079A82 /* Debug */ = {
			isa = XCBuildConfiguration;
			buildSettings = {
				ASSETCATALOG_COMPILER_APPICON_NAME = AppIcon;
				DEVELOPMENT_TEAM = D7K3E54878;
				INFOPLIST_FILE = MyNews/Info.plist;
				LD_RUNPATH_SEARCH_PATHS = "$(inherited) @executable_path/Frameworks";
				PRODUCT_BUNDLE_IDENTIFIER = mcheng916.MyNews;
				PRODUCT_NAME = "$(TARGET_NAME)";
				SWIFT_VERSION = 3.0;
			};
			name = Debug;
		};
		EB439CD71EB2113F00079A82 /* Release */ = {
			isa = XCBuildConfiguration;
			buildSettings = {
				ASSETCATALOG_COMPILER_APPICON_NAME = AppIcon;
				DEVELOPMENT_TEAM = D7K3E54878;
				INFOPLIST_FILE = MyNews/Info.plist;
				LD_RUNPATH_SEARCH_PATHS = "$(inherited) @executable_path/Frameworks";
				PRODUCT_BUNDLE_IDENTIFIER = mcheng916.MyNews;
				PRODUCT_NAME = "$(TARGET_NAME)";
				SWIFT_VERSION = 3.0;
			};
			name = Release;
		};
/* End XCBuildConfiguration section */

/* Begin XCConfigurationList section */
		EB439CBE1EB2113F00079A82 /* Build configuration list for PBXProject "MyNews" */ = {
			isa = XCConfigurationList;
			buildConfigurations = (
				EB439CD31EB2113F00079A82 /* Debug */,
				EB439CD41EB2113F00079A82 /* Release */,
			);
			defaultConfigurationIsVisible = 0;
			defaultConfigurationName = Release;
		};
		EB439CD51EB2113F00079A82 /* Build configuration list for PBXNativeTarget "MyNews" */ = {
			isa = XCConfigurationList;
			buildConfigurations = (
				EB439CD61EB2113F00079A82 /* Debug */,
				EB439CD71EB2113F00079A82 /* Release */,
			);
			defaultConfigurationIsVisible = 0;
			defaultConfigurationName = Release;
		};
/* End XCConfigurationList section */
	};
	rootObject = EB439CBB1EB2113F00079A82 /* Project object */;
}
